
Microsoft Visual Studio Solution File, Format Version 12.00
# Visual Studio Version 17
VisualStudioVersion = 17.2.32526.322
MinimumVisualStudioVersion = 10.0.40219.1
Project("{9A19103F-16F7-4668-BE54-9A1E7A4F7556}") = "MqttBroker", "MqttBroker\MqttBroker.csproj", "{83075AA7-3413-4256-AD81-11191B66AAAD}"
EndProject
Project("{9A19103F-16F7-4668-BE54-9A1E7A4F7556}") = "MqttClient", "MqttClient\MqttClient.csproj", "{0CFF5A60-C117-4FD9-8483-4BE2AF752F3B}"
EndProject
Global
	GlobalSection(SolutionConfigurationPlatforms) = preSolution
		Debug|Any CPU = Debug|Any CPU
		Release|Any CPU = Release|Any CPU
	EndGlobalSection
	GlobalSection(ProjectConfigurationPlatforms) = postSolution
		{83075AA7-3413-4256-AD81-11191B66AAAD}.Debug|Any CPU.ActiveCfg = Debug|Any CPU
		{83075AA7-3413-4256-AD81-11191B66AAAD}.Debug|Any CPU.Build.0 = Debug|Any CPU
		{83075AA7-3413-4256-AD81-11191B66AAAD}.Release|Any CPU.ActiveCfg = Release|Any CPU
		{83075AA7-3413-4256-AD81-11191B66AAAD}.Release|Any CPU.Build.0 = Release|Any CPU
		{0CFF5A60-C117-4FD9-8483-4BE2AF752F3B}.Debug|Any CPU.ActiveCfg = Debug|Any CPU
		{0CFF5A60-C117-4FD9-8483-4BE2AF752F3B}.Debug|Any CPU.Build.0 = Debug|Any CPU
		{0CFF5A60-C117-4FD9-8483-4BE2AF752F3B}.Release|Any CPU.ActiveCfg = Release|Any CPU
		{0CFF5A60-C117-4FD9-8483-4BE2AF752F3B}.Release|Any CPU.Build.0 = Release|Any CPU
	EndGlobalSection
	GlobalSection(SolutionProperties) = preSolution
		HideSolutionNode = FALSE
	EndGlobalSection
	GlobalSection(ExtensibilityGlobals) = postSolution
		SolutionGuid = {77C12A01-3B45-46CA-A95D-DD4DB0F1EF07}
	EndGlobalSection
EndGlobal
